
Microsoft Visual Studio Solution File, Format Version 12.00
# Visual Studio 15
VisualStudioVersion = 15.0.28307.572
MinimumVisualStudioVersion = 10.0.40219.1
Project("{FAE04EC0-301F-11D3-BF4B-00C04F79EFBC}") = "EscrowApi", "EscrowApi\EscrowApi.csproj", "{5C3713E0-6ACE-45AD-A7A1-0CA19898AF89}"
EndProject
Global
	GlobalSection(SolutionConfigurationPlatforms) = preSolution
		Debug|Any CPU = Debug|Any CPU
		Release|Any CPU = Release|Any CPU
	EndGlobalSection
	GlobalSection(ProjectConfigurationPlatforms) = postSolution
		{5C3713E0-6ACE-45AD-A7A1-0CA19898AF89}.Debug|Any CPU.ActiveCfg = Debug|Any CPU
		{5C3713E0-6ACE-45AD-A7A1-0CA19898AF89}.Debug|Any CPU.Build.0 = Debug|Any CPU
		{5C3713E0-6ACE-45AD-A7A1-0CA19898AF89}.Release|Any CPU.ActiveCfg = Release|Any CPU
		{5C3713E0-6ACE-45AD-A7A1-0CA19898AF89}.Release|Any CPU.Build.0 = Release|Any CPU
	EndGlobalSection
	GlobalSection(SolutionProperties) = preSolution
		HideSolutionNode = FALSE
	EndGlobalSection
	GlobalSection(ExtensibilityGlobals) = postSolution
		SolutionGuid = {C6095FEF-EA8D-439C-91D3-501593F9CB9E}
	EndGlobalSection
EndGlobal
